PODS:
  - connectivity_macos (0.0.1):
    - FlutterMacOS
    - Reachability
  - flutter_soloud (0.0.1):
    - FlutterMacOS
  - FlutterMacOS (1.0.0)
  - path_provider_foundation (0.0.1):
    - Flutter
    - FlutterMacOS
  - Reachability (3.7.6)
  - rust_lib_gphil (0.0.1):
    - FlutterMacOS
  - shared_preferences_foundation (0.0.1):
    - Flutter
    - FlutterMacOS

DEPENDENCIES:
  - connectivity_macos (from `Flutter/ephemeral/.symlinks/plugins/connectivity_macos/macos`)
  - flutter_soloud (from `Flutter/ephemeral/.symlinks/plugins/flutter_soloud/macos`)
  - FlutterMacOS (from `Flutter/ephemeral`)
  - path_provider_foundation (from `Flutter/ephemeral/.symlinks/plugins/path_provider_foundation/darwin`)
  - rust_lib_gphil (from `Flutter/ephemeral/.symlinks/plugins/rust_lib_gphil/macos`)
  - shared_preferences_foundation (from `Flutter/ephemeral/.symlinks/plugins/shared_preferences_foundation/darwin`)

SPEC REPOS:
  trunk:
    - Reachability

EXTERNAL SOURCES:
  connectivity_macos:
    :path: Flutter/ephemeral/.symlinks/plugins/connectivity_macos/macos
  flutter_soloud:
    :path: Flutter/ephemeral/.symlinks/plugins/flutter_soloud/macos
  FlutterMacOS:
    :path: Flutter/ephemeral
  path_provider_foundation:
    :path: Flutter/ephemeral/.symlinks/plugins/path_provider_foundation/darwin
  rust_lib_gphil:
    :path: Flutter/ephemeral/.symlinks/plugins/rust_lib_gphil/macos
  shared_preferences_foundation:
    :path: Flutter/ephemeral/.symlinks/plugins/shared_preferences_foundation/darwin

SPEC CHECKSUMS:
  connectivity_macos: 5dae6ee11d320fac7c05f0d08bd08fc32b5514d9
  flutter_soloud: 83719ca1f200cf5f537de0740f4ef97fa36e9bb2
  FlutterMacOS: 8f6f14fa908a6fb3fba0cd85dbd81ec4b251fb24
  path_provider_foundation: 2b6b4c569c0fb62ec74538f866245ac84301af46
  Reachability: fd0ecd23705e2599e4cceeb943222ae02296cbc6
  rust_lib_gphil: d7add19738e1293fe3ea3280555655ba4a9d588e
  shared_preferences_foundation: fcdcbc04712aee1108ac7fda236f363274528f78

PODFILE CHECKSUM: 236401fc2c932af29a9fcf0e97baeeb2d750d367

COCOAPODS: 1.15.2
